
Microsoft Visual Studio Solution File, Format Version 12.00
Project("{FAE04EC0-301F-11D3-BF4B-00C04F79EFBC}") = "Client", "Client\Client.csproj", "{B4905C69-C2E4-4688-8C7B-82773AE2CD25}"
EndProject
Project("{FAE04EC0-301F-11D3-BF4B-00C04F79EFBC}") = "Server", "Server\Server.csproj", "{24851260-6475-48C0-A6AF-AA3C0900783E}"
EndProject
Project("{FAE04EC0-301F-11D3-BF4B-00C04F79EFBC}") = "Shared", "Shared\Shared.csproj", "{3C7FB0F7-6805-4FF1-9BC1-9E14830891D2}"
EndProject
Global
	GlobalSection(SolutionConfigurationPlatforms) = preSolution
		Debug|Any CPU = Debug|Any CPU
		Release|Any CPU = Release|Any CPU
	EndGlobalSection
	GlobalSection(ProjectConfigurationPlatforms) = postSolution
		{B4905C69-C2E4-4688-8C7B-82773AE2CD25}.Debug|Any CPU.ActiveCfg = Debug|Any CPU
		{B4905C69-C2E4-4688-8C7B-82773AE2CD25}.Debug|Any CPU.Build.0 = Debug|Any CPU
		{B4905C69-C2E4-4688-8C7B-82773AE2CD25}.Release|Any CPU.ActiveCfg = Release|Any CPU
		{B4905C69-C2E4-4688-8C7B-82773AE2CD25}.Release|Any CPU.Build.0 = Release|Any CPU
		{24851260-6475-48C0-A6AF-AA3C0900783E}.Debug|Any CPU.ActiveCfg = Debug|Any CPU
		{24851260-6475-48C0-A6AF-AA3C0900783E}.Debug|Any CPU.Build.0 = Debug|Any CPU
		{24851260-6475-48C0-A6AF-AA3C0900783E}.Release|Any CPU.ActiveCfg = Release|Any CPU
		{24851260-6475-48C0-A6AF-AA3C0900783E}.Release|Any CPU.Build.0 = Release|Any CPU
		{3C7FB0F7-6805-4FF1-9BC1-9E14830891D2}.Debug|Any CPU.ActiveCfg = Debug|Any CPU
		{3C7FB0F7-6805-4FF1-9BC1-9E14830891D2}.Debug|Any CPU.Build.0 = Debug|Any CPU
		{3C7FB0F7-6805-4FF1-9BC1-9E14830891D2}.Release|Any CPU.ActiveCfg = Release|Any CPU
		{3C7FB0F7-6805-4FF1-9BC1-9E14830891D2}.Release|Any CPU.Build.0 = Release|Any CPU
	EndGlobalSection
EndGlobal
